// !$*UTF8*$!
{
	archiveVersion = 1;
	classes = {
	};
	objectVersion = 56;
	objects = {

/* Begin PBXBuildFile section */
		F75209612B41232600D24DDB /* AppDelegate.swift in Sources */ = {isa = PBXBuildFile; fileRef = F75209602B41232600D24DDB /* AppDelegate.swift */; };
		F75209632B41232600D24DDB /* SceneDelegate.swift in Sources */ = {isa = PBXBuildFile; fileRef = F75209622B41232600D24DDB /* SceneDelegate.swift */; };
		F75209652B41232600D24DDB /* LoginViewController.swift in Sources */ = {isa = PBXBuildFile; fileRef = F75209642B41232600D24DDB /* LoginViewController.swift */; };
		F75209682B41232600D24DDB /* Main.storyboard in Resources */ = {isa = PBXBuildFile; fileRef = F75209662B41232600D24DDB /* Main.storyboard */; };
		F752096A2B41232700D24DDB /* Assets.xcassets in Resources */ = {isa = PBXBuildFile; fileRef = F75209692B41232700D24DDB /* Assets.xcassets */; };
		F752096D2B41232700D24DDB /* LaunchScreen.storyboard in Resources */ = {isa = PBXBuildFile; fileRef = F752096B2B41232700D24DDB /* LaunchScreen.storyboard */; };
		F75209782B41275D00D24DDB /* Meal.swift in Sources */ = {isa = PBXBuildFile; fileRef = F75209772B41275D00D24DDB /* Meal.swift */; };
		F752097B2B412ABF00D24DDB /* DataStore.swift in Sources */ = {isa = PBXBuildFile; fileRef = F752097A2B412ABF00D24DDB /* DataStore.swift */; };
		F752097E2B416FCB00D24DDB /* MenuTableViewController.swift in Sources */ = {isa = PBXBuildFile; fileRef = F752097D2B416FCB00D24DDB /* MenuTableViewController.swift */; };
		F75209802B417C6500D24DDB /* CellForMeal.swift in Sources */ = {isa = PBXBuildFile; fileRef = F752097F2B417C6500D24DDB /* CellForMeal.swift */; };
/* End PBXBuildFile section */

/* Begin PBXFileReference section */
		F752095D2B41232600D24DDB /* KotletniyQuest.app */ = {isa = PBXFileReference; explicitFileType = wrapper.application; includeInIndex = 0; path = KotletniyQuest.app; sourceTree = BUILT_PRODUCTS_DIR; };
		F75209602B41232600D24DDB /* AppDelegate.swift */ = {isa = PBXFileReference; lastKnownFileType = sourcecode.swift; path = AppDelegate.swift; sourceTree = "<group>"; };
		F75209622B41232600D24DDB /* SceneDelegate.swift */ = {isa = PBXFileReference; lastKnownFileType = sourcecode.swift; path = SceneDelegate.swift; sourceTree = "<group>"; };
		F75209642B41232600D24DDB /* LoginViewController.swift */ = {isa = PBXFileReference; lastKnownFileType = sourcecode.swift; path = LoginViewController.swift; sourceTree = "<group>"; };
		F75209672B41232600D24DDB /* Base */ = {isa = PBXFileReference; lastKnownFileType = file.storyboard; name = Base; path = Base.lproj/Main.storyboard; sourceTree = "<group>"; };
		F75209692B41232700D24DDB /* Assets.xcassets */ = {isa = PBXFileReference; lastKnownFileType = folder.assetcatalog; path = Assets.xcassets; sourceTree = "<group>"; };
		F752096C2B41232700D24DDB /* Base */ = {isa = PBXFileReference; lastKnownFileType = file.storyboard; name = Base; path = Base.lproj/LaunchScreen.storyboard; sourceTree = "<group>"; };
		F752096E2B41232700D24DDB /* Info.plist */ = {isa = PBXFileReference; lastKnownFileType = text.plist.xml; path = Info.plist; sourceTree = "<group>"; };
		F75209772B41275D00D24DDB /* Meal.swift */ = {isa = PBXFileReference; lastKnownFileType = sourcecode.swift; path = Meal.swift; sourceTree = "<group>"; };
		F752097A2B412ABF00D24DDB /* DataStore.swift */ = {isa = PBXFileReference; lastKnownFileType = sourcecode.swift; path = DataStore.swift; sourceTree = "<group>"; };
		F752097D2B416FCB00D24DDB /* MenuTableViewController.swift */ = {isa = PBXFileReference; lastKnownFileType = sourcecode.swift; path = MenuTableViewController.swift; sourceTree = "<group>"; };
		F752097F2B417C6500D24DDB /* CellForMeal.swift */ = {isa = PBXFileReference; lastKnownFileType = sourcecode.swift; path = CellForMeal.swift; sourceTree = "<group>"; };
/* End PBXFileReference section */

/* Begin PBXFrameworksBuildPhase section */
		F752095A2B41232600D24DDB /* Frameworks */ = {
			isa = PBXFrameworksBuildPhase;
			buildActionMask = 2147483647;
			files = (
			);
			runOnlyForDeploymentPostprocessing = 0;
		};
/* End PBXFrameworksBuildPhase section */

/* Begin PBXGroup section */
		F75209542B41232600D24DDB = {
			isa = PBXGroup;
			children = (
				F752095F2B41232600D24DDB /* KotletniyQuest */,
				F752095E2B41232600D24DDB /* Products */,
			);
			sourceTree = "<group>";
		};
		F752095E2B41232600D24DDB /* Products */ = {
			isa = PBXGroup;
			children = (
				F752095D2B41232600D24DDB /* KotletniyQuest.app */,
			);
			name = Products;
			sourceTree = "<group>";
		};
		F752095F2B41232600D24DDB /* KotletniyQuest */ = {
			isa = PBXGroup;
			children = (
				F75209742B41264200D24DDB /* App */,
				F75209752B41264D00D24DDB /* ViewControllers */,
				F75209762B41265A00D24DDB /* Storyboards */,
				F75209792B41276400D24DDB /* Models */,
				F752097C2B412B1000D24DDB /* Store */,
				F75209812B417C8C00D24DDB /* Views */,
				F75209692B41232700D24DDB /* Assets.xcassets */,
			);
			path = KotletniyQuest;
			sourceTree = "<group>";
		};
		F75209742B41264200D24DDB /* App */ = {
			isa = PBXGroup;
			children = (
				F75209602B41232600D24DDB /* AppDelegate.swift */,
				F75209622B41232600D24DDB /* SceneDelegate.swift */,
				F752096E2B41232700D24DDB /* Info.plist */,
			);
			path = App;
			sourceTree = "<group>";
		};
		F75209752B41264D00D24DDB /* ViewControllers */ = {
			isa = PBXGroup;
			children = (
				F75209642B41232600D24DDB /* LoginViewController.swift */,
				F752097D2B416FCB00D24DDB /* MenuTableViewController.swift */,
			);
			path = ViewControllers;
			sourceTree = "<group>";
		};
		F75209762B41265A00D24DDB /* Storyboards */ = {
			isa = PBXGroup;
			children = (
				F75209662B41232600D24DDB /* Main.storyboard */,
				F752096B2B41232700D24DDB /* LaunchScreen.storyboard */,
			);
			path = Storyboards;
			sourceTree = "<group>";
		};
		F75209792B41276400D24DDB /* Models */ = {
			isa = PBXGroup;
			children = (
				F75209772B41275D00D24DDB /* Meal.swift */,
			);
			path = Models;
			sourceTree = "<group>";
		};
		F752097C2B412B1000D24DDB /* Store */ = {
			isa = PBXGroup;
			children = (
				F752097A2B412ABF00D24DDB /* DataStore.swift */,
			);
			path = Store;
			sourceTree = "<group>";
		};
		F75209812B417C8C00D24DDB /* Views */ = {
			isa = PBXGroup;
			children = (
				F752097F2B417C6500D24DDB /* CellForMeal.swift */,
			);
			path = Views;
			sourceTree = "<group>";
		};
/* End PBXGroup section */

/* Begin PBXNativeTarget section */
		F752095C2B41232600D24DDB /* KotletniyQuest */ = {
			isa = PBXNativeTarget;
			buildConfigurationList = F75209712B41232700D24DDB /* Build configuration list for PBXNativeTarget "KotletniyQuest" */;
			buildPhases = (
				F75209592B41232600D24DDB /* Sources */,
				F752095A2B41232600D24DDB /* Frameworks */,
				F752095B2B41232600D24DDB /* Resources */,
			);
			buildRules = (
			);
			dependencies = (
			);
			name = KotletniyQuest;
			productName = KotletniyQuest;
			productReference = F752095D2B41232600D24DDB /* KotletniyQuest.app */;
			productType = "com.apple.product-type.application";
		};
/* End PBXNativeTarget section */

/* Begin PBXProject section */
		F75209552B41232600D24DDB /* Project object */ = {
			isa = PBXProject;
			attributes = {
				BuildIndependentTargetsInParallel = 1;
				LastSwiftUpdateCheck = 1510;
				LastUpgradeCheck = 1510;
				TargetAttributes = {
					F752095C2B41232600D24DDB = {
						CreatedOnToolsVersion = 15.1;
					};
				};
			};
			buildConfigurationList = F75209582B41232600D24DDB /* Build configuration list for PBXProject "KotletniyQuest" */;
			compatibilityVersion = "Xcode 14.0";
			developmentRegion = en;
			hasScannedForEncodings = 0;
			knownRegions = (
				en,
				Base,
			);
			mainGroup = F75209542B41232600D24DDB;
			productRefGroup = F752095E2B41232600D24DDB /* Products */;
			projectDirPath = "";
			projectRoot = "";
			targets = (
				F752095C2B41232600D24DDB /* KotletniyQuest */,
			);
		};
/* End PBXProject section */

/* Begin PBXResourcesBuildPhase section */
		F752095B2B41232600D24DDB /* Resources */ = {
			isa = PBXResourcesBuildPhase;
			buildActionMask = 2147483647;
			files = (
				F752096D2B41232700D24DDB /* LaunchScreen.storyboard in Resources */,
				F752096A2B41232700D24DDB /* Assets.xcassets in Resources */,
				F75209682B41232600D24DDB /* Main.storyboard in Resources */,
			);
			runOnlyForDeploymentPostprocessing = 0;
		};
/* End PBXResourcesBuildPhase section */

/* Begin PBXSourcesBuildPhase section */
		F75209592B41232600D24DDB /* Sources */ = {
			isa = PBXSourcesBuildPhase;
			buildActionMask = 2147483647;
			files = (
				F75209782B41275D00D24DDB /* Meal.swift in Sources */,
				F75209652B41232600D24DDB /* LoginViewController.swift in Sources */,
				F752097E2B416FCB00D24DDB /* MenuTableViewController.swift in Sources */,
				F75209612B41232600D24DDB /* AppDelegate.swift in Sources */,
				F752097B2B412ABF00D24DDB /* DataStore.swift in Sources */,
				F75209632B41232600D24DDB /* SceneDelegate.swift in Sources */,
				F75209802B417C6500D24DDB /* CellForMeal.swift in Sources */,
			);
			runOnlyForDeploymentPostprocessing = 0;
		};
/* End PBXSourcesBuildPhase section */

/* Begin PBXVariantGroup section */
		F75209662B41232600D24DDB /* Main.storyboard */ = {
			isa = PBXVariantGroup;
			children = (
				F75209672B41232600D24DDB /* Base */,
			);
			name = Main.storyboard;
			sourceTree = "<group>";
		};
		F752096B2B41232700D24DDB /* LaunchScreen.storyboard */ = {
			isa = PBXVariantGroup;
			children = (
				F752096C2B41232700D24DDB /* Base */,
			);
			name = LaunchScreen.storyboard;
			sourceTree = "<group>";
		};
/* End PBXVariantGroup section */

/* Begin XCBuildConfiguration section */
		F752096F2B41232700D24DDB /* Debug */ = {
			isa = XCBuildConfiguration;
			buildSettings = {
				ALWAYS_SEARCH_USER_PATHS = NO;
				ASSETCATALOG_COMPILER_GENERATE_SWIFT_ASSET_SYMBOL_EXTENSIONS = YES;
				CLANG_ANALYZER_NONNULL = YES;
				CLANG_ANALYZER_NUMBER_OBJECT_CONVERSION = YES_AGGRESSIVE;
				CLANG_CXX_LANGUAGE_STANDARD = "gnu++20";
				CLANG_ENABLE_MODULES = YES;
				CLANG_ENABLE_OBJC_ARC = YES;
				CLANG_ENABLE_OBJC_WEAK = YES;
				CLANG_WARN_BLOCK_CAPTURE_AUTORELEASING = YES;
				CLANG_WARN_BOOL_CONVERSION = YES;
				CLANG_WARN_COMMA = YES;
				CLANG_WARN_CONSTANT_CONVERSION = YES;
				CLANG_WARN_DEPRECATED_OBJC_IMPLEMENTATIONS = YES;
				CLANG_WARN_DIRECT_OBJC_ISA_USAGE = YES_ERROR;
				CLANG_WARN_DOCUMENTATION_COMMENTS = YES;
				CLANG_WARN_EMPTY_BODY = YES;
				CLANG_WARN_ENUM_CONVERSION = YES;
				CLANG_WARN_INFINITE_RECURSION = YES;
				CLANG_WARN_INT_CONVERSION = YES;
				CLANG_WARN_NON_LITERAL_NULL_CONVERSION = YES;
				CLANG_WARN_OBJC_IMPLICIT_RETAIN_SELF = YES;
				CLANG_WARN_OBJC_LITERAL_CONVERSION = YES;
				CLANG_WARN_OBJC_ROOT_CLASS = YES_ERROR;
				CLANG_WARN_QUOTED_INCLUDE_IN_FRAMEWORK_HEADER = YES;
				CLANG_WARN_RANGE_LOOP_ANALYSIS = YES;
				CLANG_WARN_STRICT_PROTOTYPES = YES;
				CLANG_WARN_SUSPICIOUS_MOVE = YES;
				CLANG_WARN_UNGUARDED_AVAILABILITY = YES_AGGRESSIVE;
				CLANG_WARN_UNREACHABLE_CODE = YES;
				CLANG_WARN__DUPLICATE_METHOD_MATCH = YES;
				COPY_PHASE_STRIP = NO;
				DEBUG_INFORMATION_FORMAT = dwarf;
				ENABLE_STRICT_OBJC_MSGSEND = YES;
				ENABLE_TESTABILITY = YES;
				ENABLE_USER_SCRIPT_SANDBOXING = YES;
				GCC_C_LANGUAGE_STANDARD = gnu17;
				GCC_DYNAMIC_NO_PIC = NO;
				GCC_NO_COMMON_BLOCKS = YES;
				GCC_OPTIMIZATION_LEVEL = 0;
				GCC_PREPROCESSOR_DEFINITIONS = (
					"DEBUG=1",
					"$(inherited)",
				);
				GCC_WARN_64_TO_32_BIT_CONVERSION = YES;
				GCC_WARN_ABOUT_RETURN_TYPE = YES_ERROR;
				GCC_WARN_UNDECLARED_SELECTOR = YES;
				GCC_WARN_UNINITIALIZED_AUTOS = YES_AGGRESSIVE;
				GCC_WARN_UNUSED_FUNCTION = YES;
				GCC_WARN_UNUSED_VARIABLE = YES;
				IPHONEOS_DEPLOYMENT_TARGET = 17.2;
				LOCALIZATION_PREFERS_STRING_CATALOGS = YES;
				MTL_ENABLE_DEBUG_INFO = INCLUDE_SOURCE;
				MTL_FAST_MATH = YES;
				ONLY_ACTIVE_ARCH = YES;
				SDKROOT = iphoneos;
				SWIFT_ACTIVE_COMPILATION_CONDITIONS = "DEBUG $(inherited)";
				SWIFT_OPTIMIZATION_LEVEL = "-Onone";
			};
			name = Debug;
		};
		F75209702B41232700D24DDB /* Release */ = {
			isa = XCBuildConfiguration;
			buildSettings = {
				ALWAYS_SEARCH_USER_PATHS = NO;
				ASSETCATALOG_COMPILER_GENERATE_SWIFT_ASSET_SYMBOL_EXTENSIONS = YES;
				CLANG_ANALYZER_NONNULL = YES;
				CLANG_ANALYZER_NUMBER_OBJECT_CONVERSION = YES_AGGRESSIVE;
				CLANG_CXX_LANGUAGE_STANDARD = "gnu++20";
				CLANG_ENABLE_MODULES = YES;
				CLANG_ENABLE_OBJC_ARC = YES;
				CLANG_ENABLE_OBJC_WEAK = YES;
				CLANG_WARN_BLOCK_CAPTURE_AUTORELEASING = YES;
				CLANG_WARN_BOOL_CONVERSION = YES;
				CLANG_WARN_COMMA = YES;
				CLANG_WARN_CONSTANT_CONVERSION = YES;
				CLANG_WARN_DEPRECATED_OBJC_IMPLEMENTATIONS = YES;
				CLANG_WARN_DIRECT_OBJC_ISA_USAGE = YES_ERROR;
				CLANG_WARN_DOCUMENTATION_COMMENTS = YES;
				CLANG_WARN_EMPTY_BODY = YES;
				CLANG_WARN_ENUM_CONVERSION = YES;
				CLANG_WARN_INFINITE_RECURSION = YES;
				CLANG_WARN_INT_CONVERSION = YES;
				CLANG_WARN_NON_LITERAL_NULL_CONVERSION = YES;
				CLANG_WARN_OBJC_IMPLICIT_RETAIN_SELF = YES;
				CLANG_WARN_OBJC_LITERAL_CONVERSION = YES;
				CLANG_WARN_OBJC_ROOT_CLASS = YES_ERROR;
				CLANG_WARN_QUOTED_INCLUDE_IN_FRAMEWORK_HEADER = YES;
				CLANG_WARN_RANGE_LOOP_ANALYSIS = YES;
				CLANG_WARN_STRICT_PROTOTYPES = YES;
				CLANG_WARN_SUSPICIOUS_MOVE = YES;
				CLANG_WARN_UNGUARDED_AVAILABILITY = YES_AGGRESSIVE;
				CLANG_WARN_UNREACHABLE_CODE = YES;
				CLANG_WARN__DUPLICATE_METHOD_MATCH = YES;
				COPY_PHASE_STRIP = NO;
				DEBUG_INFORMATION_FORMAT = "dwarf-with-dsym";
				ENABLE_NS_ASSERTIONS = NO;
				ENABLE_STRICT_OBJC_MSGSEND = YES;
				ENABLE_USER_SCRIPT_SANDBOXING = YES;
				GCC_C_LANGUAGE_STANDARD = gnu17;
				GCC_NO_COMMON_BLOCKS = YES;
				GCC_WARN_64_TO_32_BIT_CONVERSION = YES;
				GCC_WARN_ABOUT_RETURN_TYPE = YES_ERROR;
				GCC_WARN_UNDECLARED_SELECTOR = YES;
				GCC_WARN_UNINITIALIZED_AUTOS = YES_AGGRESSIVE;
				GCC_WARN_UNUSED_FUNCTION = YES;
				GCC_WARN_UNUSED_VARIABLE = YES;
				IPHONEOS_DEPLOYMENT_TARGET = 17.2;
				LOCALIZATION_PREFERS_STRING_CATALOGS = YES;
				MTL_ENABLE_DEBUG_INFO = NO;
				MTL_FAST_MATH = YES;
				SDKROOT = iphoneos;
				SWIFT_COMPILATION_MODE = wholemodule;
				VALIDATE_PRODUCT = YES;
			};
			name = Release;
		};
		F75209722B41232700D24DDB /* Debug */ = {
			isa = XCBuildConfiguration;
			buildSettings = {
				ASSETCATALOG_COMPILER_APPICON_NAME = AppIcon;
				ASSETCATALOG_COMPILER_GLOBAL_ACCENT_COLOR_NAME = AccentColor;
				CODE_SIGN_STYLE = Automatic;
				CURRENT_PROJECT_VERSION = 1;
				DEVELOPMENT_TEAM = 5HNRLGK7M5;
				GENERATE_INFOPLIST_FILE = YES;
				INFOPLIST_FILE = KotletniyQuest/App/Info.plist;
				INFOPLIST_KEY_UIApplicationSupportsIndirectInputEvents = YES;
				INFOPLIST_KEY_UILaunchStoryboardName = LaunchScreen;
				INFOPLIST_KEY_UIMainStoryboardFile = Main;
				INFOPLIST_KEY_UISupportedInterfaceOrientations_iPad = "UIInterfaceOrientationPortrait UIInterfaceOrientationPortraitUpsideDown UIInterfaceOrientationLandscapeLeft UIInterfaceOrientationLandscapeRight";
				INFOPLIST_KEY_UISupportedInterfaceOrientations_iPhone = "UIInterfaceOrientationPortrait UIInterfaceOrientationLandscapeLeft UIInterfaceOrientationLandscapeRight";
				LD_RUNPATH_SEARCH_PATHS = (
					"$(inherited)",
					"@executable_path/Frameworks",
				);
				MARKETING_VERSION = 1.0;
				PRODUCT_BUNDLE_IDENTIFIER = AbloginEgor.KotletniyQuest;
				PRODUCT_NAME = "$(TARGET_NAME)";
				SUPPORTED_PLATFORMS = "iphoneos iphonesimulator";
				SUPPORTS_MACCATALYST = NO;
				SUPPORTS_MAC_DESIGNED_FOR_IPHONE_IPAD = NO;
				SWIFT_EMIT_LOC_STRINGS = YES;
				SWIFT_VERSION = 5.0;
				TARGETED_DEVICE_FAMILY = 1;
			};
			name = Debug;
		};
		F75209732B41232700D24DDB /* Release */ = {
			isa = XCBuildConfiguration;
			buildSettings = {
				ASSETCATALOG_COMPILER_APPICON_NAME = AppIcon;
				ASSETCATALOG_COMPILER_GLOBAL_ACCENT_COLOR_NAME = AccentColor;
				CODE_SIGN_STYLE = Automatic;
				CURRENT_PROJECT_VERSION = 1;
				DEVELOPMENT_TEAM = 5HNRLGK7M5;
				GENERATE_INFOPLIST_FILE = YES;
				INFOPLIST_FILE = KotletniyQuest/App/Info.plist;
				INFOPLIST_KEY_UIApplicationSupportsIndirectInputEvents = YES;
				INFOPLIST_KEY_UILaunchStoryboardName = LaunchScreen;
				INFOPLIST_KEY_UIMainStoryboardFile = Main;
				INFOPLIST_KEY_UISupportedInterfaceOrientations_iPad = "UIInterfaceOrientationPortrait UIInterfaceOrientationPortraitUpsideDown UIInterfaceOrientationLandscapeLeft UIInterfaceOrientationLandscapeRight";
				INFOPLIST_KEY_UISupportedInterfaceOrientations_iPhone = "UIInterfaceOrientationPortrait UIInterfaceOrientationLandscapeLeft UIInterfaceOrientationLandscapeRight";
				LD_RUNPATH_SEARCH_PATHS = (
					"$(inherited)",
					"@executable_path/Frameworks",
				);
				MARKETING_VERSION = 1.0;
				PRODUCT_BUNDLE_IDENTIFIER = AbloginEgor.KotletniyQuest;
				PRODUCT_NAME = "$(TARGET_NAME)";
				SUPPORTED_PLATFORMS = "iphoneos iphonesimulator";
				SUPPORTS_MACCATALYST = NO;
				SUPPORTS_MAC_DESIGNED_FOR_IPHONE_IPAD = NO;
				SWIFT_EMIT_LOC_STRINGS = YES;
				SWIFT_VERSION = 5.0;
				TARGETED_DEVICE_FAMILY = 1;
			};
			name = Release;
		};
/* End XCBuildConfiguration section */

/* Begin XCConfigurationList section */
		F75209582B41232600D24DDB /* Build configuration list for PBXProject "KotletniyQuest" */ = {
			isa = XCConfigurationList;
			buildConfigurations = (
				F752096F2B41232700D24DDB /* Debug */,
				F75209702B41232700D24DDB /* Release */,
			);
			defaultConfigurationIsVisible = 0;
			defaultConfigurationName = Release;
		};
		F75209712B41232700D24DDB /* Build configuration list for PBXNativeTarget "KotletniyQuest" */ = {
			isa = XCConfigurationList;
			buildConfigurations = (
				F75209722B41232700D24DDB /* Debug */,
				F75209732B41232700D24DDB /* Release */,
			);
			defaultConfigurationIsVisible = 0;
			defaultConfigurationName = Release;
		};
/* End XCConfigurationList section */
	};
	rootObject = F75209552B41232600D24DDB /* Project object */;
}
